
Microsoft Visual Studio Solution File, Format Version 12.00
# Visual Studio Version 16
VisualStudioVersion = 16.0.809.7
MinimumVisualStudioVersion = 10.0.40219.1
Project("{9A19103F-16F7-4668-BE54-9A1E7A4F7556}") = "quick-chart", "quick-chart.csproj", "{FA81D879-BFBE-46F8-B80E-7E256F4A17C3}"
EndProject
Project("{D954291E-2A0B-460D-934E-DC6B0785DB48}") = "chart-project", "..\chart-project\chart-project.shproj", "{D40BDFA0-1AD1-4CA2-9359-B2BA735D57B6}"
EndProject
Global
	GlobalSection(SharedMSBuildProjectFiles) = preSolution
		..\chart-project\chart-project.projitems*{d40bdfa0-1ad1-4ca2-9359-b2ba735d57b6}*SharedItemsImports = 13
		..\chart-project\chart-project.projitems*{fa81d879-bfbe-46f8-b80e-7e256f4a17c3}*SharedItemsImports = 5
	EndGlobalSection
	GlobalSection(SolutionConfigurationPlatforms) = preSolution
		Debug|Any CPU = Debug|Any CPU
		Release|Any CPU = Release|Any CPU
	EndGlobalSection
	GlobalSection(ProjectConfigurationPlatforms) = postSolution
		{FA81D879-BFBE-46F8-B80E-7E256F4A17C3}.Debug|Any CPU.ActiveCfg = Debug|Any CPU
		{FA81D879-BFBE-46F8-B80E-7E256F4A17C3}.Debug|Any CPU.Build.0 = Debug|Any CPU
		{FA81D879-BFBE-46F8-B80E-7E256F4A17C3}.Release|Any CPU.ActiveCfg = Release|Any CPU
		{FA81D879-BFBE-46F8-B80E-7E256F4A17C3}.Release|Any CPU.Build.0 = Release|Any CPU
	EndGlobalSection
	GlobalSection(SolutionProperties) = preSolution
		HideSolutionNode = FALSE
	EndGlobalSection
	GlobalSection(ExtensibilityGlobals) = postSolution
		SolutionGuid = {7523C839-A9CE-4453-9F01-3805A1368F45}
	EndGlobalSection
EndGlobal
